{
  "name": "@agentfolio/shops-boundary",
  "version": "0.0.0-private",
  "lockfileVersion": 3,
  "requires": true,
  "packages": {
    "": {
      "name": "@agentfolio/shops-boundary",
      "version": "0.0.0-private",
      "private": true,
      "engines": {
        "node": ">=20"
      }
    }
  }
}
